// !$*UTF8*$!
{
	archiveVersion = 1;
	classes = {
	};
	objectVersion = 51;
	objects = {

/* Begin PBXBuildFile section */
		111645582182A3E6006A507E /* CurryingViewController.swift in Sources */ = {isa = PBXBuildFile; fileRef = 111645572182A3E6006A507E /* CurryingViewController.swift */; };
		111CC6BB21CCCBB900ACAFC6 /* RxSchedulersViewController.swift in Sources */ = {isa = PBXBuildFile; fileRef = 111CC6BA21CCCBB900ACAFC6 /* RxSchedulersViewController.swift */; };
		111CC6BD21CCCD7800ACAFC6 /* Scheduler.png in Resources */ = {isa = PBXBuildFile; fileRef = 111CC6BC21CCCD7700ACAFC6 /* Scheduler.png */; };
		111CC6BF21CCD2A200ACAFC6 /* RxSwiftNetworkViewController.swift in Sources */ = {isa = PBXBuildFile; fileRef = 111CC6BE21CCD2A200ACAFC6 /* RxSwiftNetworkViewController.swift */; };
		111CC6C121CCD45700ACAFC6 /* MyService.swift in Sources */ = {isa = PBXBuildFile; fileRef = 111CC6C021CCD45700ACAFC6 /* MyService.swift */; };
		11264EBB21B4DBA10081E56E /* RxSwiftObservableViewController.swift in Sources */ = {isa = PBXBuildFile; fileRef = 11264EBA21B4DBA10081E56E /* RxSwiftObservableViewController.swift */; };
		112D89BB21D512040067BF3E /* RxRetryViewController.swift in Sources */ = {isa = PBXBuildFile; fileRef = 112D89BA21D512040067BF3E /* RxRetryViewController.swift */; };
		112D89BD21D5B4570067BF3E /* RxFlatMapViewController.swift in Sources */ = {isa = PBXBuildFile; fileRef = 112D89BC21D5B4570067BF3E /* RxFlatMapViewController.swift */; };
		113D530221A7F3B20040381F /* EnumViewController.swift in Sources */ = {isa = PBXBuildFile; fileRef = 113D530121A7F3B20040381F /* EnumViewController.swift */; };
		11431CEF21D4C6E600D4D393 /* RxFromViewController.swift in Sources */ = {isa = PBXBuildFile; fileRef = 11431CEE21D4C6E600D4D393 /* RxFromViewController.swift */; };
		11431CF121D4CC4F00D4D393 /* RxTakeFamilyViewController.swift in Sources */ = {isa = PBXBuildFile; fileRef = 11431CF021D4CC4F00D4D393 /* RxTakeFamilyViewController.swift */; };
		11465040229E2BD10074DF07 /* SwiftBlockViewController.swift in Sources */ = {isa = PBXBuildFile; fileRef = 1146503F229E2BD10074DF07 /* SwiftBlockViewController.swift */; };
		11465044229E2E670074DF07 /* SwiftStringGuideListViewController.swift in Sources */ = {isa = PBXBuildFile; fileRef = 11465043229E2E670074DF07 /* SwiftStringGuideListViewController.swift */; };
		11465046229E2FC80074DF07 /* SwiftDevideViewController.swift in Sources */ = {isa = PBXBuildFile; fileRef = 11465045229E2FC80074DF07 /* SwiftDevideViewController.swift */; };
		11465049229E4C250074DF07 /* SwiftRangeViewController.swift in Sources */ = {isa = PBXBuildFile; fileRef = 11465048229E4C250074DF07 /* SwiftRangeViewController.swift */; };
		1146504B229E5C0E0074DF07 /* SwiftStringIndexViewController.swift in Sources */ = {isa = PBXBuildFile; fileRef = 1146504A229E5C0E0074DF07 /* SwiftStringIndexViewController.swift */; };
		11738C2021883629008ABC9A /* ClassViewController.swift in Sources */ = {isa = PBXBuildFile; fileRef = 11738C1F21883629008ABC9A /* ClassViewController.swift */; };
		1197E58021BF5F1E00C3C943 /* SWExtensionsViewController.swift in Sources */ = {isa = PBXBuildFile; fileRef = 1197E57F21BF5F1E00C3C943 /* SWExtensionsViewController.swift */; };
		11AB1BCD21C9D93300038653 /* RxRootViewController.swift in Sources */ = {isa = PBXBuildFile; fileRef = 11AB1BCC21C9D93300038653 /* RxRootViewController.swift */; };
		11AB1BCF21C9DADF00038653 /* RxHomeViewController.swift in Sources */ = {isa = PBXBuildFile; fileRef = 11AB1BCE21C9DADF00038653 /* RxHomeViewController.swift */; };
		11AB1BD421C9DB4C00038653 /* RxAmbViewController.swift in Sources */ = {isa = PBXBuildFile; fileRef = 11AB1BD321C9DB4C00038653 /* RxAmbViewController.swift */; };
		11AB1BD621C9DB9500038653 /* amb.png in Resources */ = {isa = PBXBuildFile; fileRef = 11AB1BD521C9DB9500038653 /* amb.png */; };
		11AB1BD821C9E0E800038653 /* RxBufferViewController.swift in Sources */ = {isa = PBXBuildFile; fileRef = 11AB1BD721C9E0E800038653 /* RxBufferViewController.swift */; };
		11AB1BDA21C9E1BB00038653 /* buffer.png in Resources */ = {isa = PBXBuildFile; fileRef = 11AB1BD921C9E1BB00038653 /* buffer.png */; };
		11AB1BDC21C9EC4A00038653 /* RxCatchErrorViewController.swift in Sources */ = {isa = PBXBuildFile; fileRef = 11AB1BDB21C9EC4A00038653 /* RxCatchErrorViewController.swift */; };
		11AB1BDE21C9ED0E00038653 /* catchError.png in Resources */ = {isa = PBXBuildFile; fileRef = 11AB1BDD21C9ED0E00038653 /* catchError.png */; };
		11AB1BE021CA124900038653 /* concat.png in Resources */ = {isa = PBXBuildFile; fileRef = 11AB1BDF21CA124800038653 /* concat.png */; };
		11AB1BE221CA128000038653 /* RxConcatViewController.swift in Sources */ = {isa = PBXBuildFile; fileRef = 11AB1BE121CA128000038653 /* RxConcatViewController.swift */; };
		11AB1BE521CA1CF700038653 /* RxBehaviorSubjectViewController.swift in Sources */ = {isa = PBXBuildFile; fileRef = 11AB1BE421CA1CF700038653 /* RxBehaviorSubjectViewController.swift */; };
		11AB1BE821CA1D3D00038653 /* BehaviorSubjectB.png in Resources */ = {isa = PBXBuildFile; fileRef = 11AB1BE621CA1D3C00038653 /* BehaviorSubjectB.png */; };
		11AB1BE921CA1D3D00038653 /* BehaviorSubjectA.png in Resources */ = {isa = PBXBuildFile; fileRef = 11AB1BE721CA1D3C00038653 /* BehaviorSubjectA.png */; };
		11AB1BED21CA223A00038653 /* ScaledHeightImageView.swift in Sources */ = {isa = PBXBuildFile; fileRef = 11AB1BEC21CA223A00038653 /* ScaledHeightImageView.swift */; };
		11AB1BEF21CA2F4300038653 /* AsyncSubjectA.png in Resources */ = {isa = PBXBuildFile; fileRef = 11AB1BEE21CA2F4300038653 /* AsyncSubjectA.png */; };
		11AB1BF121CA2F6500038653 /* AsyncSubjectB.png in Resources */ = {isa = PBXBuildFile; fileRef = 11AB1BF021CA2F6500038653 /* AsyncSubjectB.png */; };
		11AB1BF321CA2FB300038653 /* RxAsyncSubject ViewController.swift in Sources */ = {isa = PBXBuildFile; fileRef = 11AB1BF221CA2FB300038653 /* RxAsyncSubject ViewController.swift */; };
		11AB1BF521CA31CA00038653 /* RxVariableViewController.swift in Sources */ = {isa = PBXBuildFile; fileRef = 11AB1BF421CA31CA00038653 /* RxVariableViewController.swift */; };
		11AB1BF721CA35F600038653 /* RxBehaviorRelayViewController.swift in Sources */ = {isa = PBXBuildFile; fileRef = 11AB1BF621CA35F600038653 /* RxBehaviorRelayViewController.swift */; };
		11AB1BFB21CA3B3800038653 /* DocCollectionTypesViewController.swift in Sources */ = {isa = PBXBuildFile; fileRef = 11AB1BFA21CA3B3800038653 /* DocCollectionTypesViewController.swift */; };
		11AB1BFD21CA3B4C00038653 /* BaseViewController.swift in Sources */ = {isa = PBXBuildFile; fileRef = 11AB1BFC21CA3B4B00038653 /* BaseViewController.swift */; };
		11C484B221D70EF200F44966 /* RxShareReplayViewController.swift in Sources */ = {isa = PBXBuildFile; fileRef = 11C484B121D70EF200F44966 /* RxShareReplayViewController.swift */; };
		11C484B421D713A500F44966 /* shareReplay.png in Resources */ = {isa = PBXBuildFile; fileRef = 11C484B321D713A500F44966 /* shareReplay.png */; };
		11C484B621D716F400F44966 /* RxDoViewController.swift in Sources */ = {isa = PBXBuildFile; fileRef = 11C484B521D716F400F44966 /* RxDoViewController.swift */; };
		11C484B821D71A0F00F44966 /* RxDistinctUntilChangedViewController.swift in Sources */ = {isa = PBXBuildFile; fileRef = 11C484B721D71A0F00F44966 /* RxDistinctUntilChangedViewController.swift */; };
		11C484BA21D71A8200F44966 /* distinctUntilChanged.png in Resources */ = {isa = PBXBuildFile; fileRef = 11C484B921D71A8200F44966 /* distinctUntilChanged.png */; };
		11C5AC4C21770BF0001E006C /* AppDelegate.swift in Sources */ = {isa = PBXBuildFile; fileRef = 11C5AC4B21770BF0001E006C /* AppDelegate.swift */; };
		11C5AC4E21770BF0001E006C /* ViewController.swift in Sources */ = {isa = PBXBuildFile; fileRef = 11C5AC4D21770BF0001E006C /* ViewController.swift */; };
		11C5AC5121770BF0001E006C /* Main.storyboard in Resources */ = {isa = PBXBuildFile; fileRef = 11C5AC4F21770BF0001E006C /* Main.storyboard */; };
		11C5AC5321770BF1001E006C /* Assets.xcassets in Resources */ = {isa = PBXBuildFile; fileRef = 11C5AC5221770BF1001E006C /* Assets.xcassets */; };
		11C5AC5621770BF1001E006C /* LaunchScreen.storyboard in Resources */ = {isa = PBXBuildFile; fileRef = 11C5AC5421770BF1001E006C /* LaunchScreen.storyboard */; };
		11C5AC6121770BF1001E006C /* PlaygroundForSwiftTests.swift in Sources */ = {isa = PBXBuildFile; fileRef = 11C5AC6021770BF1001E006C /* PlaygroundForSwiftTests.swift */; };
		11C5AC6C21770BF1001E006C /* PlaygroundForSwiftUITests.swift in Sources */ = {isa = PBXBuildFile; fileRef = 11C5AC6B21770BF1001E006C /* PlaygroundForSwiftUITests.swift */; };
		11C5AC7D2177177B001E006C /* StringsAndCharactersViewController.swift in Sources */ = {isa = PBXBuildFile; fileRef = 11C5AC7B2177177B001E006C /* StringsAndCharactersViewController.swift */; };
		11C5AC8221771908001E006C /* AccessControlViewController.swift in Sources */ = {isa = PBXBuildFile; fileRef = 11C5AC8121771908001E006C /* AccessControlViewController.swift */; };
		11C5AC8421771DCF001E006C /* ProtocolsViewController.swift in Sources */ = {isa = PBXBuildFile; fileRef = 11C5AC8321771DCF001E006C /* ProtocolsViewController.swift */; };
		11C5AC87217756CB001E006C /* WhereViewController.swift in Sources */ = {isa = PBXBuildFile; fileRef = 11C5AC86217756CB001E006C /* WhereViewController.swift */; };
		11D1FA1C21B4B54C001DAA63 /* SqliteViewController.swift in Sources */ = {isa = PBXBuildFile; fileRef = 11D1FA1B21B4B54C001DAA63 /* SqliteViewController.swift */; };
		11E6FABA21D60B9700B9C970 /* GuideStructAndClassViewController.swift in Sources */ = {isa = PBXBuildFile; fileRef = 11E6FAB921D60B9700B9C970 /* GuideStructAndClassViewController.swift */; };
		11E6FABE21D60D6100B9C970 /* SwiftGuideHomeViewController.swift in Sources */ = {isa = PBXBuildFile; fileRef = 11E6FABD21D60D6100B9C970 /* SwiftGuideHomeViewController.swift */; };
		11E6FAC021D60E0800B9C970 /* SwiftGuideRootViewController.swift in Sources */ = {isa = PBXBuildFile; fileRef = 11E6FABF21D60E0800B9C970 /* SwiftGuideRootViewController.swift */; };
		11E6FAC221D614A700B9C970 /* GuidePropertiesViewController.swift in Sources */ = {isa = PBXBuildFile; fileRef = 11E6FAC121D614A700B9C970 /* GuidePropertiesViewController.swift */; };
		11F6EC9D21D756D10043E635 /* GuideMethodViewController.swift in Sources */ = {isa = PBXBuildFile; fileRef = 11F6EC9C21D756D10043E635 /* GuideMethodViewController.swift */; };
		11F6EC9F21D764BE0043E635 /* RxControlFlowViewController.swift in Sources */ = {isa = PBXBuildFile; fileRef = 11F6EC9E21D764BE0043E635 /* RxControlFlowViewController.swift */; };
		11F6ECA321D76B200043E635 /* GuideNestedTypesViewController.swift in Sources */ = {isa = PBXBuildFile; fileRef = 11F6ECA221D76B200043E635 /* GuideNestedTypesViewController.swift */; };
		11F6ECA521D7713B0043E635 /* RxKeyboardViewController.swift in Sources */ = {isa = PBXBuildFile; fileRef = 11F6ECA421D7713B0043E635 /* RxKeyboardViewController.swift */; };
		11FF57A221D3648F00CC0CBC /* RxConcatMapViewController.swift in Sources */ = {isa = PBXBuildFile; fileRef = 11FF57A121D3648F00CC0CBC /* RxConcatMapViewController.swift */; };
		11FF57A421D36EDA00CC0CBC /* concatMap.png in Resources */ = {isa = PBXBuildFile; fileRef = 11FF57A321D36EDA00CC0CBC /* concatMap.png */; };
		11FF57A621D371A700CC0CBC /* RxConnectViewController.swift in Sources */ = {isa = PBXBuildFile; fileRef = 11FF57A521D371A700CC0CBC /* RxConnectViewController.swift */; };
		1CFEB2E38671402EA16337C5 /* Pods_PlaygroundForSwiftTests.framework in Frameworks */ = {isa = PBXBuildFile; fileRef = 7707CE9E4CF3B618299C2E43 /* Pods_PlaygroundForSwiftTests.framework */; };
		978D1881A3061AE8BC1E4890 /* Pods_PlaygroundForSwiftUITests.framework in Frameworks */ = {isa = PBXBuildFile; fileRef = 06F0A1297DE00C5DA97AF22D /* Pods_PlaygroundForSwiftUITests.framework */; };
		9C1E22BF96A5949E1C94B6BD /* Pods_PlaygroundForSwift.framework in Frameworks */ = {isa = PBXBuildFile; fileRef = F1D62D9CCB3E1E123722D19B /* Pods_PlaygroundForSwift.framework */; };
/* End PBXBuildFile section */

/* Begin PBXContainerItemProxy section */
		11C5AC5D21770BF1001E006C /* PBXContainerItemProxy */ = {
			isa = PBXContainerItemProxy;
			containerPortal = 11C5AC4021770BF0001E006C /* Project object */;
			proxyType = 1;
			remoteGlobalIDString = 11C5AC4721770BF0001E006C;
			remoteInfo = PlaygroundForSwift;
		};
		11C5AC6821770BF1001E006C /* PBXContainerItemProxy */ = {
			isa = PBXContainerItemProxy;
			containerPortal = 11C5AC4021770BF0001E006C /* Project object */;
			proxyType = 1;
			remoteGlobalIDString = 11C5AC4721770BF0001E006C;
			remoteInfo = PlaygroundForSwift;
		};
/* End PBXContainerItemProxy section */

/* Begin PBXFileReference section */
		06F0A1297DE00C5DA97AF22D /* Pods_PlaygroundForSwiftUITests.framework */ = {isa = PBXFileReference; explicitFileType = wrapper.framework; includeInIndex = 0; path = Pods_PlaygroundForSwiftUITests.framework; sourceTree = BUILT_PRODUCTS_DIR; };
		08F1C3A032BCA6DA2644B784 /* Pods-PlaygroundForSwiftUITests.debug.xcconfig */ = {isa = PBXFileReference; includeInIndex = 1; lastKnownFileType = text.xcconfig; name = "Pods-PlaygroundForSwiftUITests.debug.xcconfig"; path = "Pods/Target Support Files/Pods-PlaygroundForSwiftUITests/Pods-PlaygroundForSwiftUITests.debug.xcconfig"; sourceTree = "<group>"; };
		111645572182A3E6006A507E /* CurryingViewController.swift */ = {isa = PBXFileReference; lastKnownFileType = sourcecode.swift; path = CurryingViewController.swift; sourceTree = "<group>"; };
		111CC6BA21CCCBB900ACAFC6 /* RxSchedulersViewController.swift */ = {isa = PBXFileReference; lastKnownFileType = sourcecode.swift; path = RxSchedulersViewController.swift; sourceTree = "<group>"; };
		111CC6BC21CCCD7700ACAFC6 /* Scheduler.png */ = {isa = PBXFileReference; lastKnownFileType = image.png; path = Scheduler.png; sourceTree = "<group>"; };
		111CC6BE21CCD2A200ACAFC6 /* RxSwiftNetworkViewController.swift */ = {isa = PBXFileReference; lastKnownFileType = sourcecode.swift; path = RxSwiftNetworkViewController.swift; sourceTree = "<group>"; };
		111CC6C021CCD45700ACAFC6 /* MyService.swift */ = {isa = PBXFileReference; lastKnownFileType = sourcecode.swift; path = MyService.swift; sourceTree = "<group>"; };
		11264EBA21B4DBA10081E56E /* RxSwiftObservableViewController.swift */ = {isa = PBXFileReference; lastKnownFileType = sourcecode.swift; path = RxSwiftObservableViewController.swift; sourceTree = "<group>"; };
		112D89BA21D512040067BF3E /* RxRetryViewController.swift */ = {isa = PBXFileReference; lastKnownFileType = sourcecode.swift; path = RxRetryViewController.swift; sourceTree = "<group>"; };
		112D89BC21D5B4570067BF3E /* RxFlatMapViewController.swift */ = {isa = PBXFileReference; lastKnownFileType = sourcecode.swift; path = RxFlatMapViewController.swift; sourceTree = "<group>"; };
		113D530121A7F3B20040381F /* EnumViewController.swift */ = {isa = PBXFileReference; lastKnownFileType = sourcecode.swift; path = EnumViewController.swift; sourceTree = "<group>"; };
		11431CEE21D4C6E600D4D393 /* RxFromViewController.swift */ = {isa = PBXFileReference; lastKnownFileType = sourcecode.swift; path = RxFromViewController.swift; sourceTree = "<group>"; };
		11431CF021D4CC4F00D4D393 /* RxTakeFamilyViewController.swift */ = {isa = PBXFileReference; lastKnownFileType = sourcecode.swift; path = RxTakeFamilyViewController.swift; sourceTree = "<group>"; };
		1146503F229E2BD10074DF07 /* SwiftBlockViewController.swift */ = {isa = PBXFileReference; lastKnownFileType = sourcecode.swift; path = SwiftBlockViewController.swift; sourceTree = "<group>"; };
		11465043229E2E670074DF07 /* SwiftStringGuideListViewController.swift */ = {isa = PBXFileReference; fileEncoding = 4; lastKnownFileType = sourcecode.swift; path = SwiftStringGuideListViewController.swift; sourceTree = "<group>"; };
		11465045229E2FC80074DF07 /* SwiftDevideViewController.swift */ = {isa = PBXFileReference; lastKnownFileType = sourcecode.swift; path = SwiftDevideViewController.swift; sourceTree = "<group>"; };
		11465048229E4C250074DF07 /* SwiftRangeViewController.swift */ = {isa = PBXFileReference; lastKnownFileType = sourcecode.swift; path = SwiftRangeViewController.swift; sourceTree = "<group>"; };
		1146504A229E5C0E0074DF07 /* SwiftStringIndexViewController.swift */ = {isa = PBXFileReference; lastKnownFileType = sourcecode.swift; path = SwiftStringIndexViewController.swift; sourceTree = "<group>"; };
		11738C1F21883629008ABC9A /* ClassViewController.swift */ = {isa = PBXFileReference; lastKnownFileType = sourcecode.swift; path = ClassViewController.swift; sourceTree = "<group>"; };
		1197E57F21BF5F1E00C3C943 /* SWExtensionsViewController.swift */ = {isa = PBXFileReference; lastKnownFileType = sourcecode.swift; path = SWExtensionsViewController.swift; sourceTree = "<group>"; };
		11AB1BCC21C9D93300038653 /* RxRootViewController.swift */ = {isa = PBXFileReference; lastKnownFileType = sourcecode.swift; path = RxRootViewController.swift; sourceTree = "<group>"; };
		11AB1BCE21C9DADF00038653 /* RxHomeViewController.swift */ = {isa = PBXFileReference; lastKnownFileType = sourcecode.swift; path = RxHomeViewController.swift; sourceTree = "<group>"; };
		11AB1BD321C9DB4C00038653 /* RxAmbViewController.swift */ = {isa = PBXFileReference; lastKnownFileType = sourcecode.swift; path = RxAmbViewController.swift; sourceTree = "<group>"; };
		11AB1BD521C9DB9500038653 /* amb.png */ = {isa = PBXFileReference; lastKnownFileType = image.png; path = amb.png; sourceTree = "<group>"; };
		11AB1BD721C9E0E800038653 /* RxBufferViewController.swift */ = {isa = PBXFileReference; lastKnownFileType = sourcecode.swift; path = RxBufferViewController.swift; sourceTree = "<group>"; };
		11AB1BD921C9E1BB00038653 /* buffer.png */ = {isa = PBXFileReference; lastKnownFileType = image.png; path = buffer.png; sourceTree = "<group>"; };
		11AB1BDB21C9EC4A00038653 /* RxCatchErrorViewController.swift */ = {isa = PBXFileReference; lastKnownFileType = sourcecode.swift; path = RxCatchErrorViewController.swift; sourceTree = "<group>"; };
		11AB1BDD21C9ED0E00038653 /* catchError.png */ = {isa = PBXFileReference; lastKnownFileType = image.png; path = catchError.png; sourceTree = "<group>"; };
		11AB1BDF21CA124800038653 /* concat.png */ = {isa = PBXFileReference; lastKnownFileType = image.png; path = concat.png; sourceTree = "<group>"; };
		11AB1BE121CA128000038653 /* RxConcatViewController.swift */ = {isa = PBXFileReference; lastKnownFileType = sourcecode.swift; path = RxConcatViewController.swift; sourceTree = "<group>"; };
		11AB1BE421CA1CF700038653 /* RxBehaviorSubjectViewController.swift */ = {isa = PBXFileReference; lastKnownFileType = sourcecode.swift; path = RxBehaviorSubjectViewController.swift; sourceTree = "<group>"; };
		11AB1BE621CA1D3C00038653 /* BehaviorSubjectB.png */ = {isa = PBXFileReference; lastKnownFileType = image.png; path = BehaviorSubjectB.png; sourceTree = "<group>"; };
		11AB1BE721CA1D3C00038653 /* BehaviorSubjectA.png */ = {isa = PBXFileReference; lastKnownFileType = image.png; path = BehaviorSubjectA.png; sourceTree = "<group>"; };
		11AB1BEC21CA223A00038653 /* ScaledHeightImageView.swift */ = {isa = PBXFileReference; lastKnownFileType = sourcecode.swift; path = ScaledHeightImageView.swift; sourceTree = "<group>"; };
		11AB1BEE21CA2F4300038653 /* AsyncSubjectA.png */ = {isa = PBXFileReference; lastKnownFileType = image.png; path = AsyncSubjectA.png; sourceTree = "<group>"; };
		11AB1BF021CA2F6500038653 /* AsyncSubjectB.png */ = {isa = PBXFileReference; lastKnownFileType = image.png; path = AsyncSubjectB.png; sourceTree = "<group>"; };
		11AB1BF221CA2FB300038653 /* RxAsyncSubject ViewController.swift */ = {isa = PBXFileReference; lastKnownFileType = sourcecode.swift; path = "RxAsyncSubject ViewController.swift"; sourceTree = "<group>"; };
		11AB1BF421CA31CA00038653 /* RxVariableViewController.swift */ = {isa = PBXFileReference; lastKnownFileType = sourcecode.swift; path = RxVariableViewController.swift; sourceTree = "<group>"; };
		11AB1BF621CA35F600038653 /* RxBehaviorRelayViewController.swift */ = {isa = PBXFileReference; lastKnownFileType = sourcecode.swift; path = RxBehaviorRelayViewController.swift; sourceTree = "<group>"; };
		11AB1BFA21CA3B3800038653 /* DocCollectionTypesViewController.swift */ = {isa = PBXFileReference; lastKnownFileType = sourcecode.swift; path = DocCollectionTypesViewController.swift; sourceTree = "<group>"; };
		11AB1BFC21CA3B4B00038653 /* BaseViewController.swift */ = {isa = PBXFileReference; lastKnownFileType = sourcecode.swift; path = BaseViewController.swift; sourceTree = "<group>"; };
		11C484B121D70EF200F44966 /* RxShareReplayViewController.swift */ = {isa = PBXFileReference; lastKnownFileType = sourcecode.swift; path = RxShareReplayViewController.swift; sourceTree = "<group>"; };
		11C484B321D713A500F44966 /* shareReplay.png */ = {isa = PBXFileReference; lastKnownFileType = image.png; path = shareReplay.png; sourceTree = "<group>"; };
		11C484B521D716F400F44966 /* RxDoViewController.swift */ = {isa = PBXFileReference; lastKnownFileType = sourcecode.swift; path = RxDoViewController.swift; sourceTree = "<group>"; };
		11C484B721D71A0F00F44966 /* RxDistinctUntilChangedViewController.swift */ = {isa = PBXFileReference; lastKnownFileType = sourcecode.swift; path = RxDistinctUntilChangedViewController.swift; sourceTree = "<group>"; };
		11C484B921D71A8200F44966 /* distinctUntilChanged.png */ = {isa = PBXFileReference; lastKnownFileType = image.png; path = distinctUntilChanged.png; sourceTree = "<group>"; };
		11C5AC4821770BF0001E006C /* PlaygroundForSwift.app */ = {isa = PBXFileReference; explicitFileType = wrapper.application; includeInIndex = 0; path = PlaygroundForSwift.app; sourceTree = BUILT_PRODUCTS_DIR; };
		11C5AC4B21770BF0001E006C /* AppDelegate.swift */ = {isa = PBXFileReference; lastKnownFileType = sourcecode.swift; path = AppDelegate.swift; sourceTree = "<group>"; };
		11C5AC4D21770BF0001E006C /* ViewController.swift */ = {isa = PBXFileReference; lastKnownFileType = sourcecode.swift; path = ViewController.swift; sourceTree = "<group>"; };
		11C5AC5021770BF0001E006C /* Base */ = {isa = PBXFileReference; lastKnownFileType = file.storyboard; name = Base; path = Base.lproj/Main.storyboard; sourceTree = "<group>"; };
		11C5AC5221770BF1001E006C /* Assets.xcassets */ = {isa = PBXFileReference; lastKnownFileType = folder.assetcatalog; path = Assets.xcassets; sourceTree = "<group>"; };
		11C5AC5521770BF1001E006C /* Base */ = {isa = PBXFileReference; lastKnownFileType = file.storyboard; name = Base; path = Base.lproj/LaunchScreen.storyboard; sourceTree = "<group>"; };
		11C5AC5721770BF1001E006C /* Info.plist */ = {isa = PBXFileReference; lastKnownFileType = text.plist.xml; path = Info.plist; sourceTree = "<group>"; };
		11C5AC5C21770BF1001E006C /* PlaygroundForSwiftTests.xctest */ = {isa = PBXFileReference; explicitFileType = wrapper.cfbundle; includeInIndex = 0; path = PlaygroundForSwiftTests.xctest; sourceTree = BUILT_PRODUCTS_DIR; };
		11C5AC6021770BF1001E006C /* PlaygroundForSwiftTests.swift */ = {isa = PBXFileReference; lastKnownFileType = sourcecode.swift; path = PlaygroundForSwiftTests.swift; sourceTree = "<group>"; };
		11C5AC6221770BF1001E006C /* Info.plist */ = {isa = PBXFileReference; lastKnownFileType = text.plist.xml; path = Info.plist; sourceTree = "<group>"; };
		11C5AC6721770BF1001E006C /* PlaygroundForSwiftUITests.xctest */ = {isa = PBXFileReference; explicitFileType = wrapper.cfbundle; includeInIndex = 0; path = PlaygroundForSwiftUITests.xctest; sourceTree = BUILT_PRODUCTS_DIR; };
		11C5AC6B21770BF1001E006C /* PlaygroundForSwiftUITests.swift */ = {isa = PBXFileReference; lastKnownFileType = sourcecode.swift; path = PlaygroundForSwiftUITests.swift; sourceTree = "<group>"; };
		11C5AC6D21770BF1001E006C /* Info.plist */ = {isa = PBXFileReference; lastKnownFileType = text.plist.xml; path = Info.plist; sourceTree = "<group>"; };
		11C5AC7B2177177B001E006C /* StringsAndCharactersViewController.swift */ = {isa = PBXFileReference; lastKnownFileType = sourcecode.swift; path = StringsAndCharactersViewController.swift; sourceTree = "<group>"; };
		11C5AC8121771908001E006C /* AccessControlViewController.swift */ = {isa = PBXFileReference; lastKnownFileType = sourcecode.swift; path = AccessControlViewController.swift; sourceTree = "<group>"; };
		11C5AC8321771DCF001E006C /* ProtocolsViewController.swift */ = {isa = PBXFileReference; lastKnownFileType = sourcecode.swift; path = ProtocolsViewController.swift; sourceTree = "<group>"; };
		11C5AC86217756CB001E006C /* WhereViewController.swift */ = {isa = PBXFileReference; lastKnownFileType = sourcecode.swift; path = WhereViewController.swift; sourceTree = "<group>"; };
		11D1FA1B21B4B54C001DAA63 /* SqliteViewController.swift */ = {isa = PBXFileReference; lastKnownFileType = sourcecode.swift; path = SqliteViewController.swift; sourceTree = "<group>"; };
		11E6FAB921D60B9700B9C970 /* GuideStructAndClassViewController.swift */ = {isa = PBXFileReference; lastKnownFileType = sourcecode.swift; path = GuideStructAndClassViewController.swift; sourceTree = "<group>"; };
		11E6FABD21D60D6100B9C970 /* SwiftGuideHomeViewController.swift */ = {isa = PBXFileReference; lastKnownFileType = sourcecode.swift; path = SwiftGuideHomeViewController.swift; sourceTree = "<group>"; };
		11E6FABF21D60E0800B9C970 /* SwiftGuideRootViewController.swift */ = {isa = PBXFileReference; lastKnownFileType = sourcecode.swift; path = SwiftGuideRootViewController.swift; sourceTree = "<group>"; };
		11E6FAC121D614A700B9C970 /* GuidePropertiesViewController.swift */ = {isa = PBXFileReference; lastKnownFileType = sourcecode.swift; path = GuidePropertiesViewController.swift; sourceTree = "<group>"; };
		11F6EC9C21D756D10043E635 /* GuideMethodViewController.swift */ = {isa = PBXFileReference; lastKnownFileType = sourcecode.swift; path = GuideMethodViewController.swift; sourceTree = "<group>"; };
		11F6EC9E21D764BE0043E635 /* RxControlFlowViewController.swift */ = {isa = PBXFileReference; lastKnownFileType = sourcecode.swift; path = RxControlFlowViewController.swift; sourceTree = "<group>"; };
		11F6ECA221D76B200043E635 /* GuideNestedTypesViewController.swift */ = {isa = PBXFileReference; fileEncoding = 4; lastKnownFileType = sourcecode.swift; path = GuideNestedTypesViewController.swift; sourceTree = "<group>"; };
		11F6ECA421D7713B0043E635 /* RxKeyboardViewController.swift */ = {isa = PBXFileReference; lastKnownFileType = sourcecode.swift; path = RxKeyboardViewController.swift; sourceTree = "<group>"; };
		11FF57A121D3648F00CC0CBC /* RxConcatMapViewController.swift */ = {isa = PBXFileReference; lastKnownFileType = sourcecode.swift; path = RxConcatMapViewController.swift; sourceTree = "<group>"; };
		11FF57A321D36EDA00CC0CBC /* concatMap.png */ = {isa = PBXFileReference; lastKnownFileType = image.png; path = concatMap.png; sourceTree = "<group>"; };
		11FF57A521D371A700CC0CBC /* RxConnectViewController.swift */ = {isa = PBXFileReference; lastKnownFileType = sourcecode.swift; path = RxConnectViewController.swift; sourceTree = "<group>"; };
		35E4D5BFFD8B09C1B0A35508 /* Pods-PlaygroundForSwift.release.xcconfig */ = {isa = PBXFileReference; includeInIndex = 1; lastKnownFileType = text.xcconfig; name = "Pods-PlaygroundForSwift.release.xcconfig"; path = "Pods/Target Support Files/Pods-PlaygroundForSwift/Pods-PlaygroundForSwift.release.xcconfig"; sourceTree = "<group>"; };
		4F38B48FB2DB8F66D34D20F8 /* Pods-PlaygroundForSwiftUITests.release.xcconfig */ = {isa = PBXFileReference; includeInIndex = 1; lastKnownFileType = text.xcconfig; name = "Pods-PlaygroundForSwiftUITests.release.xcconfig"; path = "Pods/Target Support Files/Pods-PlaygroundForSwiftUITests/Pods-PlaygroundForSwiftUITests.release.xcconfig"; sourceTree = "<group>"; };
		7707CE9E4CF3B618299C2E43 /* Pods_PlaygroundForSwiftTests.framework */ = {isa = PBXFileReference; explicitFileType = wrapper.framework; includeInIndex = 0; path = Pods_PlaygroundForSwiftTests.framework; sourceTree = BUILT_PRODUCTS_DIR; };
		CE3562F15B2EBD5D0A4A3FDA /* Pods-PlaygroundForSwiftTests.release.xcconfig */ = {isa = PBXFileReference; includeInIndex = 1; lastKnownFileType = text.xcconfig; name = "Pods-PlaygroundForSwiftTests.release.xcconfig"; path = "Pods/Target Support Files/Pods-PlaygroundForSwiftTests/Pods-PlaygroundForSwiftTests.release.xcconfig"; sourceTree = "<group>"; };
		E9A4FAE4E0B35E9312E00ED1 /* Pods-PlaygroundForSwiftTests.debug.xcconfig */ = {isa = PBXFileReference; includeInIndex = 1; lastKnownFileType = text.xcconfig; name = "Pods-PlaygroundForSwiftTests.debug.xcconfig"; path = "Pods/Target Support Files/Pods-PlaygroundForSwiftTests/Pods-PlaygroundForSwiftTests.debug.xcconfig"; sourceTree = "<group>"; };
		F1D62D9CCB3E1E123722D19B /* Pods_PlaygroundForSwift.framework */ = {isa = PBXFileReference; explicitFileType = wrapper.framework; includeInIndex = 0; path = Pods_PlaygroundForSwift.framework; sourceTree = BUILT_PRODUCTS_DIR; };
		F5BB4661C5205FE11DF66478 /* Pods-PlaygroundForSwift.debug.xcconfig */ = {isa = PBXFileReference; includeInIndex = 1; lastKnownFileType = text.xcconfig; name = "Pods-PlaygroundForSwift.debug.xcconfig"; path = "Pods/Target Support Files/Pods-PlaygroundForSwift/Pods-PlaygroundForSwift.debug.xcconfig"; sourceTree = "<group>"; };
/* End PBXFileReference section */

/* Begin PBXFrameworksBuildPhase section */
		11C5AC4521770BF0001E006C /* Frameworks */ = {
			isa = PBXFrameworksBuildPhase;
			buildActionMask = 2147483647;
			files = (
				9C1E22BF96A5949E1C94B6BD /* Pods_PlaygroundForSwift.framework in Frameworks */,
			);
			runOnlyForDeploymentPostprocessing = 0;
		};
		11C5AC5921770BF1001E006C /* Frameworks */ = {
			isa = PBXFrameworksBuildPhase;
			buildActionMask = 2147483647;
			files = (
				1CFEB2E38671402EA16337C5 /* Pods_PlaygroundForSwiftTests.framework in Frameworks */,
			);
			runOnlyForDeploymentPostprocessing = 0;
		};
		11C5AC6421770BF1001E006C /* Frameworks */ = {
			isa = PBXFrameworksBuildPhase;
			buildActionMask = 2147483647;
			files = (
				978D1881A3061AE8BC1E4890 /* Pods_PlaygroundForSwiftUITests.framework in Frameworks */,
			);
			runOnlyForDeploymentPostprocessing = 0;
		};
/* End PBXFrameworksBuildPhase section */

/* Begin PBXGroup section */
		111645562182A3D2006A507E /* Tips */ = {
			isa = PBXGroup;
			children = (
				111645572182A3E6006A507E /* CurryingViewController.swift */,
			);
			path = Tips;
			sourceTree = "<group>";
		};
		11264EB921B4CA5A0081E56E /* RxSwift */ = {
			isa = PBXGroup;
			children = (
				11264EBA21B4DBA10081E56E /* RxSwiftObservableViewController.swift */,
			);
			path = RxSwift;
			sourceTree = "<group>";
		};
		1146503E229E2BBC0074DF07 /* SwiftBlock */ = {
			isa = PBXGroup;
			children = (
				1146503F229E2BD10074DF07 /* SwiftBlockViewController.swift */,
			);
			path = SwiftBlock;
			sourceTree = "<group>";
		};
		11465041229E2E080074DF07 /* SwiftDictionary */ = {
			isa = PBXGroup;
			children = (
			);
			path = SwiftDictionary;
			sourceTree = "<group>";
		};
		11465042229E2E150074DF07 /* SwiftString */ = {
			isa = PBXGroup;
			children = (
				11465043229E2E670074DF07 /* SwiftStringGuideListViewController.swift */,
				11465045229E2FC80074DF07 /* SwiftDevideViewController.swift */,
				1146504A229E5C0E0074DF07 /* SwiftStringIndexViewController.swift */,
			);
			path = SwiftString;
			sourceTree = "<group>";
		};
		11465047229E344E0074DF07 /* SwiftRange */ = {
			isa = PBXGroup;
			children = (
				11465048229E4C250074DF07 /* SwiftRangeViewController.swift */,
			);
			path = SwiftRange;
			sourceTree = "<group>";
		};
		11AB1BCA21C9D90D00038653 /* RxSwift */ = {
			isa = PBXGroup;
			children = (
				11AB1BD221C9DB3500038653 /* Source */,
				11AB1BCB21C9D92100038653 /* RxSwiftCommon */,
				11AB1BCE21C9DADF00038653 /* RxHomeViewController.swift */,
				11AB1BD321C9DB4C00038653 /* RxAmbViewController.swift */,
				11AB1BD721C9E0E800038653 /* RxBufferViewController.swift */,
				11AB1BDB21C9EC4A00038653 /* RxCatchErrorViewController.swift */,
				11AB1BE121CA128000038653 /* RxConcatViewController.swift */,
				11AB1BE421CA1CF700038653 /* RxBehaviorSubjectViewController.swift */,
				11AB1BF221CA2FB300038653 /* RxAsyncSubject ViewController.swift */,
				11AB1BF421CA31CA00038653 /* RxVariableViewController.swift */,
				11AB1BF621CA35F600038653 /* RxBehaviorRelayViewController.swift */,
				111CC6BA21CCCBB900ACAFC6 /* RxSchedulersViewController.swift */,
				111CC6BE21CCD2A200ACAFC6 /* RxSwiftNetworkViewController.swift */,
				11FF57A121D3648F00CC0CBC /* RxConcatMapViewController.swift */,
				11FF57A521D371A700CC0CBC /* RxConnectViewController.swift */,
				11431CEE21D4C6E600D4D393 /* RxFromViewController.swift */,
				11431CF021D4CC4F00D4D393 /* RxTakeFamilyViewController.swift */,
				112D89BC21D5B4570067BF3E /* RxFlatMapViewController.swift */,
				112D89BA21D512040067BF3E /* RxRetryViewController.swift */,
				11C484B121D70EF200F44966 /* RxShareReplayViewController.swift */,
				11C484B521D716F400F44966 /* RxDoViewController.swift */,
				11C484B721D71A0F00F44966 /* RxDistinctUntilChangedViewController.swift */,
				11F6EC9E21D764BE0043E635 /* RxControlFlowViewController.swift */,
				11F6ECA421D7713B0043E635 /* RxKeyboardViewController.swift */,
				111CC6C021CCD45700ACAFC6 /* MyService.swift */,
			);
			path = RxSwift;
			sourceTree = "<group>";
		};
		11AB1BCB21C9D92100038653 /* RxSwiftCommon */ = {
			isa = PBXGroup;
			children = (
				11AB1BCC21C9D93300038653 /* RxRootViewController.swift */,
			);
			path = RxSwiftCommon;
			sourceTree = "<group>";
		};
		11AB1BD221C9DB3500038653 /* Source */ = {
			isa = PBXGroup;
			children = (
				11AB1BEE21CA2F4300038653 /* AsyncSubjectA.png */,
				11AB1BF021CA2F6500038653 /* AsyncSubjectB.png */,
				11AB1BE721CA1D3C00038653 /* BehaviorSubjectA.png */,
				11AB1BE621CA1D3C00038653 /* BehaviorSubjectB.png */,
				11AB1BD521C9DB9500038653 /* amb.png */,
				11AB1BD921C9E1BB00038653 /* buffer.png */,
				11AB1BDD21C9ED0E00038653 /* catchError.png */,
				11AB1BDF21CA124800038653 /* concat.png */,
				111CC6BC21CCCD7700ACAFC6 /* Scheduler.png */,
				11FF57A321D36EDA00CC0CBC /* concatMap.png */,
				11C484B321D713A500F44966 /* shareReplay.png */,
				11C484B921D71A8200F44966 /* distinctUntilChanged.png */,
			);
			path = Source;
			sourceTree = "<group>";
		};
		11AB1BEB21CA222900038653 /* Common */ = {
			isa = PBXGroup;
			children = (
				11AB1BEC21CA223A00038653 /* ScaledHeightImageView.swift */,
				11AB1BFC21CA3B4B00038653 /* BaseViewController.swift */,
			);
			path = Common;
			sourceTree = "<group>";
		};
		11C5AC3F21770BF0001E006C = {
			isa = PBXGroup;
			children = (
				11C5AC4A21770BF0001E006C /* PlaygroundForSwift */,
				11C5AC5F21770BF1001E006C /* PlaygroundForSwiftTests */,
				11C5AC6A21770BF1001E006C /* PlaygroundForSwiftUITests */,
				11C5AC4921770BF0001E006C /* Products */,
				9F41C7ED537898156E8ED33F /* Pods */,
				203D6FF62D7D7597BE011F86 /* Frameworks */,
			);
			sourceTree = "<group>";
		};
		11C5AC4921770BF0001E006C /* Products */ = {
			isa = PBXGroup;
			children = (
				11C5AC4821770BF0001E006C /* PlaygroundForSwift.app */,
				11C5AC5C21770BF1001E006C /* PlaygroundForSwiftTests.xctest */,
				11C5AC6721770BF1001E006C /* PlaygroundForSwiftUITests.xctest */,
			);
			name = Products;
			sourceTree = "<group>";
		};
		11C5AC4A21770BF0001E006C /* PlaygroundForSwift */ = {
			isa = PBXGroup;
			children = (
				11465047229E344E0074DF07 /* SwiftRange */,
				11465042229E2E150074DF07 /* SwiftString */,
				11465041229E2E080074DF07 /* SwiftDictionary */,
				1146503E229E2BBC0074DF07 /* SwiftBlock */,
				11AB1BEB21CA222900038653 /* Common */,
				11AB1BCA21C9D90D00038653 /* RxSwift */,
				11D1FA1A21B4B53D001DAA63 /* Third */,
				111645562182A3D2006A507E /* Tips */,
				11C5AC85217756B8001E006C /* Temp */,
				11C5AC7A21770CCE001E006C /* Base */,
				11C5AC7921770CC0001E006C /* Extensions */,
				11C5AC4B21770BF0001E006C /* AppDelegate.swift */,
				11C5AC4D21770BF0001E006C /* ViewController.swift */,
				11C5AC4F21770BF0001E006C /* Main.storyboard */,
				11C5AC5221770BF1001E006C /* Assets.xcassets */,
				11C5AC5421770BF1001E006C /* LaunchScreen.storyboard */,
				11C5AC5721770BF1001E006C /* Info.plist */,
			);
			path = PlaygroundForSwift;
			sourceTree = "<group>";
		};
		11C5AC5F21770BF1001E006C /* PlaygroundForSwiftTests */ = {
			isa = PBXGroup;
			children = (
				11C5AC6021770BF1001E006C /* PlaygroundForSwiftTests.swift */,
				11C5AC6221770BF1001E006C /* Info.plist */,
			);
			path = PlaygroundForSwiftTests;
			sourceTree = "<group>";
		};
		11C5AC6A21770BF1001E006C /* PlaygroundForSwiftUITests */ = {
			isa = PBXGroup;
			children = (
				11C5AC6B21770BF1001E006C /* PlaygroundForSwiftUITests.swift */,
				11C5AC6D21770BF1001E006C /* Info.plist */,
			);
			path = PlaygroundForSwiftUITests;
			sourceTree = "<group>";
		};
		11C5AC7921770CC0001E006C /* Extensions */ = {
			isa = PBXGroup;
			children = (
				1197E57F21BF5F1E00C3C943 /* SWExtensionsViewController.swift */,
			);
			path = Extensions;
			sourceTree = "<group>";
		};
		11C5AC7A21770CCE001E006C /* Base */ = {
			isa = PBXGroup;
			children = (
				11E6FABD21D60D6100B9C970 /* SwiftGuideHomeViewController.swift */,
				11E6FABF21D60E0800B9C970 /* SwiftGuideRootViewController.swift */,
				11AB1BFA21CA3B3800038653 /* DocCollectionTypesViewController.swift */,
				11C5AC7B2177177B001E006C /* StringsAndCharactersViewController.swift */,
				11C5AC8121771908001E006C /* AccessControlViewController.swift */,
				11C5AC8321771DCF001E006C /* ProtocolsViewController.swift */,
				11738C1F21883629008ABC9A /* ClassViewController.swift */,
				113D530121A7F3B20040381F /* EnumViewController.swift */,
				11E6FAB921D60B9700B9C970 /* GuideStructAndClassViewController.swift */,
				11E6FAC121D614A700B9C970 /* GuidePropertiesViewController.swift */,
				11F6EC9C21D756D10043E635 /* GuideMethodViewController.swift */,
				11F6ECA221D76B200043E635 /* GuideNestedTypesViewController.swift */,
			);
			path = Base;
			sourceTree = "<group>";
		};
		11C5AC85217756B8001E006C /* Temp */ = {
			isa = PBXGroup;
			children = (
				11C5AC86217756CB001E006C /* WhereViewController.swift */,
			);
			path = Temp;
			sourceTree = "<group>";
		};
		11D1FA1A21B4B53D001DAA63 /* Third */ = {
			isa = PBXGroup;
			children = (
				11264EB921B4CA5A0081E56E /* RxSwift */,
				11D1FA1B21B4B54C001DAA63 /* SqliteViewController.swift */,
			);
			path = Third;
			sourceTree = "<group>";
		};
		203D6FF62D7D7597BE011F86 /* Frameworks */ = {
			isa = PBXGroup;
			children = (
				F1D62D9CCB3E1E123722D19B /* Pods_PlaygroundForSwift.framework */,
				7707CE9E4CF3B618299C2E43 /* Pods_PlaygroundForSwiftTests.framework */,
				06F0A1297DE00C5DA97AF22D /* Pods_PlaygroundForSwiftUITests.framework */,
			);
			name = Frameworks;
			sourceTree = "<group>";
		};
		9F41C7ED537898156E8ED33F /* Pods */ = {
			isa = PBXGroup;
			children = (
				F5BB4661C5205FE11DF66478 /* Pods-PlaygroundForSwift.debug.xcconfig */,
				35E4D5BFFD8B09C1B0A35508 /* Pods-PlaygroundForSwift.release.xcconfig */,
				E9A4FAE4E0B35E9312E00ED1 /* Pods-PlaygroundForSwiftTests.debug.xcconfig */,
				CE3562F15B2EBD5D0A4A3FDA /* Pods-PlaygroundForSwiftTests.release.xcconfig */,
				08F1C3A032BCA6DA2644B784 /* Pods-PlaygroundForSwiftUITests.debug.xcconfig */,
				4F38B48FB2DB8F66D34D20F8 /* Pods-PlaygroundForSwiftUITests.release.xcconfig */,
			);
			name = Pods;
			sourceTree = "<group>";
		};
/* End PBXGroup section */

/* Begin PBXNativeTarget section */
		11C5AC4721770BF0001E006C /* PlaygroundForSwift */ = {
			isa = PBXNativeTarget;
			buildConfigurationList = 11C5AC7021770BF1001E006C /* Build configuration list for PBXNativeTarget "PlaygroundForSwift" */;
			buildPhases = (
				896F41D388B8E88D68F4C800 /* [CP] Check Pods Manifest.lock */,
				11C5AC4421770BF0001E006C /* Sources */,
				11C5AC4521770BF0001E006C /* Frameworks */,
				11C5AC4621770BF0001E006C /* Resources */,
				0C52FBCFB2EA9ABB9BF4F643 /* [CP] Embed Pods Frameworks */,
			);
			buildRules = (
			);
			dependencies = (
			);
			name = PlaygroundForSwift;
			productName = PlaygroundForSwift;
			productReference = 11C5AC4821770BF0001E006C /* PlaygroundForSwift.app */;
			productType = "com.apple.product-type.application";
		};
		11C5AC5B21770BF1001E006C /* PlaygroundForSwiftTests */ = {
			isa = PBXNativeTarget;
			buildConfigurationList = 11C5AC7321770BF1001E006C /* Build configuration list for PBXNativeTarget "PlaygroundForSwiftTests" */;
			buildPhases = (
				10B670A0F6FF6CB7181D31DE /* [CP] Check Pods Manifest.lock */,
				11C5AC5821770BF1001E006C /* Sources */,
				11C5AC5921770BF1001E006C /* Frameworks */,
				11C5AC5A21770BF1001E006C /* Resources */,
			);
			buildRules = (
			);
			dependencies = (
				11C5AC5E21770BF1001E006C /* PBXTargetDependency */,
			);
			name = PlaygroundForSwiftTests;
			productName = PlaygroundForSwiftTests;
			productReference = 11C5AC5C21770BF1001E006C /* PlaygroundForSwiftTests.xctest */;
			productType = "com.apple.product-type.bundle.unit-test";
		};
		11C5AC6621770BF1001E006C /* PlaygroundForSwiftUITests */ = {
			isa = PBXNativeTarget;
			buildConfigurationList = 11C5AC7621770BF1001E006C /* Build configuration list for PBXNativeTarget "PlaygroundForSwiftUITests" */;
			buildPhases = (
				1A2E7B33E2164CE89FB3BD4B /* [CP] Check Pods Manifest.lock */,
				11C5AC6321770BF1001E006C /* Sources */,
				11C5AC6421770BF1001E006C /* Frameworks */,
				11C5AC6521770BF1001E006C /* Resources */,
			);
			buildRules = (
			);
			dependencies = (
				11C5AC6921770BF1001E006C /* PBXTargetDependency */,
			);
			name = PlaygroundForSwiftUITests;
			productName = PlaygroundForSwiftUITests;
			productReference = 11C5AC6721770BF1001E006C /* PlaygroundForSwiftUITests.xctest */;
			productType = "com.apple.product-type.bundle.ui-testing";
		};
/* End PBXNativeTarget section */

/* Begin PBXProject section */
		11C5AC4021770BF0001E006C /* Project object */ = {
			isa = PBXProject;
			attributes = {
				LastSwiftUpdateCheck = 1000;
				LastUpgradeCheck = 1000;
				ORGANIZATIONNAME = LAH;
				TargetAttributes = {
					11C5AC4721770BF0001E006C = {
						CreatedOnToolsVersion = 10.0;
					};
					11C5AC5B21770BF1001E006C = {
						CreatedOnToolsVersion = 10.0;
						TestTargetID = 11C5AC4721770BF0001E006C;
					};
					11C5AC6621770BF1001E006C = {
						CreatedOnToolsVersion = 10.0;
						TestTargetID = 11C5AC4721770BF0001E006C;
					};
				};
			};
			buildConfigurationList = 11C5AC4321770BF0001E006C /* Build configuration list for PBXProject "PlaygroundForSwift" */;
			compatibilityVersion = "Xcode 9.3";
			developmentRegion = en;
			hasScannedForEncodings = 0;
			knownRegions = (
				en,
				Base,
			);
			mainGroup = 11C5AC3F21770BF0001E006C;
			productRefGroup = 11C5AC4921770BF0001E006C /* Products */;
			projectDirPath = "";
			projectRoot = "";
			targets = (
				11C5AC4721770BF0001E006C /* PlaygroundForSwift */,
				11C5AC5B21770BF1001E006C /* PlaygroundForSwiftTests */,
				11C5AC6621770BF1001E006C /* PlaygroundForSwiftUITests */,
			);
		};
/* End PBXProject section */

/* Begin PBXResourcesBuildPhase section */
		11C5AC4621770BF0001E006C /* Resources */ = {
			isa = PBXResourcesBuildPhase;
			buildActionMask = 2147483647;
			files = (
				11AB1BDE21C9ED0E00038653 /* catchError.png in Resources */,
				11AB1BEF21CA2F4300038653 /* AsyncSubjectA.png in Resources */,
				11C484BA21D71A8200F44966 /* distinctUntilChanged.png in Resources */,
				11AB1BE821CA1D3D00038653 /* BehaviorSubjectB.png in Resources */,
				11C5AC5621770BF1001E006C /* LaunchScreen.storyboard in Resources */,
				11C5AC5321770BF1001E006C /* Assets.xcassets in Resources */,
				11AB1BF121CA2F6500038653 /* AsyncSubjectB.png in Resources */,
				11AB1BDA21C9E1BB00038653 /* buffer.png in Resources */,
				111CC6BD21CCCD7800ACAFC6 /* Scheduler.png in Resources */,
				11C484B421D713A500F44966 /* shareReplay.png in Resources */,
				11AB1BE021CA124900038653 /* concat.png in Resources */,
				11FF57A421D36EDA00CC0CBC /* concatMap.png in Resources */,
				11AB1BD621C9DB9500038653 /* amb.png in Resources */,
				11AB1BE921CA1D3D00038653 /* BehaviorSubjectA.png in Resources */,
				11C5AC5121770BF0001E006C /* Main.storyboard in Resources */,
			);
			runOnlyForDeploymentPostprocessing = 0;
		};
		11C5AC5A21770BF1001E006C /* Resources */ = {
			isa = PBXResourcesBuildPhase;
			buildActionMask = 2147483647;
			files = (
			);
			runOnlyForDeploymentPostprocessing = 0;
		};
		11C5AC6521770BF1001E006C /* Resources */ = {
			isa = PBXResourcesBuildPhase;
			buildActionMask = 2147483647;
			files = (
			);
			runOnlyForDeploymentPostprocessing = 0;
		};
/* End PBXResourcesBuildPhase section */

/* Begin PBXShellScriptBuildPhase section */
		0C52FBCFB2EA9ABB9BF4F643 /* [CP] Embed Pods Frameworks */ = {
			isa = PBXShellScriptBuildPhase;
			buildActionMask = 2147483647;
			files = (
			);
			inputFileListPaths = (
				"${PODS_ROOT}/Target Support Files/Pods-PlaygroundForSwift/Pods-PlaygroundForSwift-frameworks-${CONFIGURATION}-input-files.xcfilelist",
			);
			name = "[CP] Embed Pods Frameworks";
			outputFileListPaths = (
				"${PODS_ROOT}/Target Support Files/Pods-PlaygroundForSwift/Pods-PlaygroundForSwift-frameworks-${CONFIGURATION}-output-files.xcfilelist",
			);
			runOnlyForDeploymentPostprocessing = 0;
			shellPath = /bin/sh;
			shellScript = "\"${PODS_ROOT}/Target Support Files/Pods-PlaygroundForSwift/Pods-PlaygroundForSwift-frameworks.sh\"\n";
			showEnvVarsInLog = 0;
		};
		10B670A0F6FF6CB7181D31DE /* [CP] Check Pods Manifest.lock */ = {
			isa = PBXShellScriptBuildPhase;
			buildActionMask = 2147483647;
			files = (
			);
			inputPaths = (
				"${PODS_PODFILE_DIR_PATH}/Podfile.lock",
				"${PODS_ROOT}/Manifest.lock",
			);
			name = "[CP] Check Pods Manifest.lock";
			outputPaths = (
				"$(DERIVED_FILE_DIR)/Pods-PlaygroundForSwiftTests-checkManifestLockResult.txt",
			);
			runOnlyForDeploymentPostprocessing = 0;
			shellPath = /bin/sh;
			shellScript = "diff \"${PODS_PODFILE_DIR_PATH}/Podfile.lock\" \"${PODS_ROOT}/Manifest.lock\" > /dev/null\nif [ $? != 0 ] ; then\n    # print error to STDERR\n    echo \"error: The sandbox is not in sync with the Podfile.lock. Run 'pod install' or update your CocoaPods installation.\" >&2\n    exit 1\nfi\n# This output is used by Xcode 'outputs' to avoid re-running this script phase.\necho \"SUCCESS\" > \"${SCRIPT_OUTPUT_FILE_0}\"\n";
			showEnvVarsInLog = 0;
		};
		1A2E7B33E2164CE89FB3BD4B /* [CP] Check Pods Manifest.lock */ = {
			isa = PBXShellScriptBuildPhase;
			buildActionMask = 2147483647;
			files = (
			);
			inputPaths = (
				"${PODS_PODFILE_DIR_PATH}/Podfile.lock",
				"${PODS_ROOT}/Manifest.lock",
			);
			name = "[CP] Check Pods Manifest.lock";
			outputPaths = (
				"$(DERIVED_FILE_DIR)/Pods-PlaygroundForSwiftUITests-checkManifestLockResult.txt",
			);
			runOnlyForDeploymentPostprocessing = 0;
			shellPath = /bin/sh;
			shellScript = "diff \"${PODS_PODFILE_DIR_PATH}/Podfile.lock\" \"${PODS_ROOT}/Manifest.lock\" > /dev/null\nif [ $? != 0 ] ; then\n    # print error to STDERR\n    echo \"error: The sandbox is not in sync with the Podfile.lock. Run 'pod install' or update your CocoaPods installation.\" >&2\n    exit 1\nfi\n# This output is used by Xcode 'outputs' to avoid re-running this script phase.\necho \"SUCCESS\" > \"${SCRIPT_OUTPUT_FILE_0}\"\n";
			showEnvVarsInLog = 0;
		};
		896F41D388B8E88D68F4C800 /* [CP] Check Pods Manifest.lock */ = {
			isa = PBXShellScriptBuildPhase;
			buildActionMask = 2147483647;
			files = (
			);
			inputPaths = (
				"${PODS_PODFILE_DIR_PATH}/Podfile.lock",
				"${PODS_ROOT}/Manifest.lock",
			);
			name = "[CP] Check Pods Manifest.lock";
			outputPaths = (
				"$(DERIVED_FILE_DIR)/Pods-PlaygroundForSwift-checkManifestLockResult.txt",
			);
			runOnlyForDeploymentPostprocessing = 0;
			shellPath = /bin/sh;
			shellScript = "diff \"${PODS_PODFILE_DIR_PATH}/Podfile.lock\" \"${PODS_ROOT}/Manifest.lock\" > /dev/null\nif [ $? != 0 ] ; then\n    # print error to STDERR\n    echo \"error: The sandbox is not in sync with the Podfile.lock. Run 'pod install' or update your CocoaPods installation.\" >&2\n    exit 1\nfi\n# This output is used by Xcode 'outputs' to avoid re-running this script phase.\necho \"SUCCESS\" > \"${SCRIPT_OUTPUT_FILE_0}\"\n";
			showEnvVarsInLog = 0;
		};
/* End PBXShellScriptBuildPhase section */

/* Begin PBXSourcesBuildPhase section */
		11C5AC4421770BF0001E006C /* Sources */ = {
			isa = PBXSourcesBuildPhase;
			buildActionMask = 2147483647;
			files = (
				11465040229E2BD10074DF07 /* SwiftBlockViewController.swift in Sources */,
				11E6FAC021D60E0800B9C970 /* SwiftGuideRootViewController.swift in Sources */,
				1146504B229E5C0E0074DF07 /* SwiftStringIndexViewController.swift in Sources */,
				112D89BB21D512040067BF3E /* RxRetryViewController.swift in Sources */,
				11C5AC87217756CB001E006C /* WhereViewController.swift in Sources */,
				11AB1BED21CA223A00038653 /* ScaledHeightImageView.swift in Sources */,
				11C484B821D71A0F00F44966 /* RxDistinctUntilChangedViewController.swift in Sources */,
				113D530221A7F3B20040381F /* EnumViewController.swift in Sources */,
				11465046229E2FC80074DF07 /* SwiftDevideViewController.swift in Sources */,
				11AB1BDC21C9EC4A00038653 /* RxCatchErrorViewController.swift in Sources */,
				11AB1BFD21CA3B4C00038653 /* BaseViewController.swift in Sources */,
				11AB1BFB21CA3B3800038653 /* DocCollectionTypesViewController.swift in Sources */,
				111645582182A3E6006A507E /* CurryingViewController.swift in Sources */,
				11431CF121D4CC4F00D4D393 /* RxTakeFamilyViewController.swift in Sources */,
				11AB1BE221CA128000038653 /* RxConcatViewController.swift in Sources */,
				11E6FABA21D60B9700B9C970 /* GuideStructAndClassViewController.swift in Sources */,
				11264EBB21B4DBA10081E56E /* RxSwiftObservableViewController.swift in Sources */,
				11AB1BCD21C9D93300038653 /* RxRootViewController.swift in Sources */,
				11FF57A621D371A700CC0CBC /* RxConnectViewController.swift in Sources */,
				11F6ECA321D76B200043E635 /* GuideNestedTypesViewController.swift in Sources */,
				11E6FABE21D60D6100B9C970 /* SwiftGuideHomeViewController.swift in Sources */,
				112D89BD21D5B4570067BF3E /* RxFlatMapViewController.swift in Sources */,
				1197E58021BF5F1E00C3C943 /* SWExtensionsViewController.swift in Sources */,
				11F6EC9F21D764BE0043E635 /* RxControlFlowViewController.swift in Sources */,
				111CC6BB21CCCBB900ACAFC6 /* RxSchedulersViewController.swift in Sources */,
				11F6ECA521D7713B0043E635 /* RxKeyboardViewController.swift in Sources */,
				11AB1BD421C9DB4C00038653 /* RxAmbViewController.swift in Sources */,
				11AB1BF721CA35F600038653 /* RxBehaviorRelayViewController.swift in Sources */,
				11AB1BCF21C9DADF00038653 /* RxHomeViewController.swift in Sources */,
				11431CEF21D4C6E600D4D393 /* RxFromViewController.swift in Sources */,
				11C484B621D716F400F44966 /* RxDoViewController.swift in Sources */,
				111CC6BF21CCD2A200ACAFC6 /* RxSwiftNetworkViewController.swift in Sources */,
				11C484B221D70EF200F44966 /* RxShareReplayViewController.swift in Sources */,
				11465049229E4C250074DF07 /* SwiftRangeViewController.swift in Sources */,
				11AB1BE521CA1CF700038653 /* RxBehaviorSubjectViewController.swift in Sources */,
				11C5AC4E21770BF0001E006C /* ViewController.swift in Sources */,
				11C5AC8221771908001E006C /* AccessControlViewController.swift in Sources */,
				11C5AC8421771DCF001E006C /* ProtocolsViewController.swift in Sources */,
				111CC6C121CCD45700ACAFC6 /* MyService.swift in Sources */,
				11AB1BF521CA31CA00038653 /* RxVariableViewController.swift in Sources */,
				11465044229E2E670074DF07 /* SwiftStringGuideListViewController.swift in Sources */,
				11AB1BF321CA2FB300038653 /* RxAsyncSubject ViewController.swift in Sources */,
				11D1FA1C21B4B54C001DAA63 /* SqliteViewController.swift in Sources */,
				11C5AC4C21770BF0001E006C /* AppDelegate.swift in Sources */,
				11F6EC9D21D756D10043E635 /* GuideMethodViewController.swift in Sources */,
				11FF57A221D3648F00CC0CBC /* RxConcatMapViewController.swift in Sources */,
				11E6FAC221D614A700B9C970 /* GuidePropertiesViewController.swift in Sources */,
				11AB1BD821C9E0E800038653 /* RxBufferViewController.swift in Sources */,
				11738C2021883629008ABC9A /* ClassViewController.swift in Sources */,
				11C5AC7D2177177B001E006C /* StringsAndCharactersViewController.swift in Sources */,
			);
			runOnlyForDeploymentPostprocessing = 0;
		};
		11C5AC5821770BF1001E006C /* Sources */ = {
			isa = PBXSourcesBuildPhase;
			buildActionMask = 2147483647;
			files = (
				11C5AC6121770BF1001E006C /* PlaygroundForSwiftTests.swift in Sources */,
			);
			runOnlyForDeploymentPostprocessing = 0;
		};
		11C5AC6321770BF1001E006C /* Sources */ = {
			isa = PBXSourcesBuildPhase;
			buildActionMask = 2147483647;
			files = (
				11C5AC6C21770BF1001E006C /* PlaygroundForSwiftUITests.swift in Sources */,
			);
			runOnlyForDeploymentPostprocessing = 0;
		};
/* End PBXSourcesBuildPhase section */

/* Begin PBXTargetDependency section */
		11C5AC5E21770BF1001E006C /* PBXTargetDependency */ = {
			isa = PBXTargetDependency;
			target = 11C5AC4721770BF0001E006C /* PlaygroundForSwift */;
			targetProxy = 11C5AC5D21770BF1001E006C /* PBXContainerItemProxy */;
		};
		11C5AC6921770BF1001E006C /* PBXTargetDependency */ = {
			isa = PBXTargetDependency;
			target = 11C5AC4721770BF0001E006C /* PlaygroundForSwift */;
			targetProxy = 11C5AC6821770BF1001E006C /* PBXContainerItemProxy */;
		};
/* End PBXTargetDependency section */

/* Begin PBXVariantGroup section */
		11C5AC4F21770BF0001E006C /* Main.storyboard */ = {
			isa = PBXVariantGroup;
			children = (
				11C5AC5021770BF0001E006C /* Base */,
			);
			name = Main.storyboard;
			sourceTree = "<group>";
		};
		11C5AC5421770BF1001E006C /* LaunchScreen.storyboard */ = {
			isa = PBXVariantGroup;
			children = (
				11C5AC5521770BF1001E006C /* Base */,
			);
			name = LaunchScreen.storyboard;
			sourceTree = "<group>";
		};
/* End PBXVariantGroup section */

/* Begin XCBuildConfiguration section */
		11C5AC6E21770BF1001E006C /* Debug */ = {
			isa = XCBuildConfiguration;
			buildSettings = {
				ALWAYS_SEARCH_USER_PATHS = NO;
				CLANG_ANALYZER_NONNULL = YES;
				CLANG_ANALYZER_NUMBER_OBJECT_CONVERSION = YES_AGGRESSIVE;
				CLANG_CXX_LANGUAGE_STANDARD = "gnu++14";
				CLANG_CXX_LIBRARY = "libc++";
				CLANG_ENABLE_MODULES = YES;
				CLANG_ENABLE_OBJC_ARC = YES;
				CLANG_ENABLE_OBJC_WEAK = YES;
				CLANG_WARN_BLOCK_CAPTURE_AUTORELEASING = YES;
				CLANG_WARN_BOOL_CONVERSION = YES;
				CLANG_WARN_COMMA = YES;
				CLANG_WARN_CONSTANT_CONVERSION = YES;
				CLANG_WARN_DEPRECATED_OBJC_IMPLEMENTATIONS = YES;
				CLANG_WARN_DIRECT_OBJC_ISA_USAGE = YES_ERROR;
				CLANG_WARN_DOCUMENTATION_COMMENTS = YES;
				CLANG_WARN_EMPTY_BODY = YES;
				CLANG_WARN_ENUM_CONVERSION = YES;
				CLANG_WARN_INFINITE_RECURSION = YES;
				CLANG_WARN_INT_CONVERSION = YES;
				CLANG_WARN_NON_LITERAL_NULL_CONVERSION = YES;
				CLANG_WARN_OBJC_IMPLICIT_RETAIN_SELF = YES;
				CLANG_WARN_OBJC_LITERAL_CONVERSION = YES;
				CLANG_WARN_OBJC_ROOT_CLASS = YES_ERROR;
				CLANG_WARN_RANGE_LOOP_ANALYSIS = YES;
				CLANG_WARN_STRICT_PROTOTYPES = YES;
				CLANG_WARN_SUSPICIOUS_MOVE = YES;
				CLANG_WARN_UNGUARDED_AVAILABILITY = YES_AGGRESSIVE;
				CLANG_WARN_UNREACHABLE_CODE = YES;
				CLANG_WARN__DUPLICATE_METHOD_MATCH = YES;
				CODE_SIGN_IDENTITY = "iPhone Developer";
				COPY_PHASE_STRIP = NO;
				DEBUG_INFORMATION_FORMAT = dwarf;
				ENABLE_STRICT_OBJC_MSGSEND = YES;
				ENABLE_TESTABILITY = YES;
				GCC_C_LANGUAGE_STANDARD = gnu11;
				GCC_DYNAMIC_NO_PIC = NO;
				GCC_NO_COMMON_BLOCKS = YES;
				GCC_OPTIMIZATION_LEVEL = 0;
				GCC_PREPROCESSOR_DEFINITIONS = (
					"DEBUG=1",
					"$(inherited)",
				);
				GCC_WARN_64_TO_32_BIT_CONVERSION = YES;
				GCC_WARN_ABOUT_RETURN_TYPE = YES_ERROR;
				GCC_WARN_UNDECLARED_SELECTOR = YES;
				GCC_WARN_UNINITIALIZED_AUTOS = YES_AGGRESSIVE;
				GCC_WARN_UNUSED_FUNCTION = YES;
				GCC_WARN_UNUSED_VARIABLE = YES;
				IPHONEOS_DEPLOYMENT_TARGET = 12.0;
				MTL_ENABLE_DEBUG_INFO = INCLUDE_SOURCE;
				MTL_FAST_MATH = YES;
				ONLY_ACTIVE_ARCH = YES;
				SDKROOT = iphoneos;
				SWIFT_ACTIVE_COMPILATION_CONDITIONS = DEBUG;
				SWIFT_OPTIMIZATION_LEVEL = "-Onone";
			};
			name = Debug;
		};
		11C5AC6F21770BF1001E006C /* Release */ = {
			isa = XCBuildConfiguration;
			buildSettings = {
				ALWAYS_SEARCH_USER_PATHS = NO;
				CLANG_ANALYZER_NONNULL = YES;
				CLANG_ANALYZER_NUMBER_OBJECT_CONVERSION = YES_AGGRESSIVE;
				CLANG_CXX_LANGUAGE_STANDARD = "gnu++14";
				CLANG_CXX_LIBRARY = "libc++";
				CLANG_ENABLE_MODULES = YES;
				CLANG_ENABLE_OBJC_ARC = YES;
				CLANG_ENABLE_OBJC_WEAK = YES;
				CLANG_WARN_BLOCK_CAPTURE_AUTORELEASING = YES;
				CLANG_WARN_BOOL_CONVERSION = YES;
				CLANG_WARN_COMMA = YES;
				CLANG_WARN_CONSTANT_CONVERSION = YES;
				CLANG_WARN_DEPRECATED_OBJC_IMPLEMENTATIONS = YES;
				CLANG_WARN_DIRECT_OBJC_ISA_USAGE = YES_ERROR;
				CLANG_WARN_DOCUMENTATION_COMMENTS = YES;
				CLANG_WARN_EMPTY_BODY = YES;
				CLANG_WARN_ENUM_CONVERSION = YES;
				CLANG_WARN_INFINITE_RECURSION = YES;
				CLANG_WARN_INT_CONVERSION = YES;
				CLANG_WARN_NON_LITERAL_NULL_CONVERSION = YES;
				CLANG_WARN_OBJC_IMPLICIT_RETAIN_SELF = YES;
				CLANG_WARN_OBJC_LITERAL_CONVERSION = YES;
				CLANG_WARN_OBJC_ROOT_CLASS = YES_ERROR;
				CLANG_WARN_RANGE_LOOP_ANALYSIS = YES;
				CLANG_WARN_STRICT_PROTOTYPES = YES;
				CLANG_WARN_SUSPICIOUS_MOVE = YES;
				CLANG_WARN_UNGUARDED_AVAILABILITY = YES_AGGRESSIVE;
				CLANG_WARN_UNREACHABLE_CODE = YES;
				CLANG_WARN__DUPLICATE_METHOD_MATCH = YES;
				CODE_SIGN_IDENTITY = "iPhone Developer";
				COPY_PHASE_STRIP = NO;
				DEBUG_INFORMATION_FORMAT = "dwarf-with-dsym";
				ENABLE_NS_ASSERTIONS = NO;
				ENABLE_STRICT_OBJC_MSGSEND = YES;
				GCC_C_LANGUAGE_STANDARD = gnu11;
				GCC_NO_COMMON_BLOCKS = YES;
				GCC_WARN_64_TO_32_BIT_CONVERSION = YES;
				GCC_WARN_ABOUT_RETURN_TYPE = YES_ERROR;
				GCC_WARN_UNDECLARED_SELECTOR = YES;
				GCC_WARN_UNINITIALIZED_AUTOS = YES_AGGRESSIVE;
				GCC_WARN_UNUSED_FUNCTION = YES;
				GCC_WARN_UNUSED_VARIABLE = YES;
				IPHONEOS_DEPLOYMENT_TARGET = 12.0;
				MTL_ENABLE_DEBUG_INFO = NO;
				MTL_FAST_MATH = YES;
				SDKROOT = iphoneos;
				SWIFT_COMPILATION_MODE = wholemodule;
				SWIFT_OPTIMIZATION_LEVEL = "-O";
				VALIDATE_PRODUCT = YES;
			};
			name = Release;
		};
		11C5AC7121770BF1001E006C /* Debug */ = {
			isa = XCBuildConfiguration;
			baseConfigurationReference = F5BB4661C5205FE11DF66478 /* Pods-PlaygroundForSwift.debug.xcconfig */;
			buildSettings = {
				ASSETCATALOG_COMPILER_APPICON_NAME = AppIcon;
				CODE_SIGN_STYLE = Automatic;
				DEVELOPMENT_TEAM = 4G7X8643PT;
				INFOPLIST_FILE = PlaygroundForSwift/Info.plist;
				IPHONEOS_DEPLOYMENT_TARGET = 9.0;
				LD_RUNPATH_SEARCH_PATHS = (
					"$(inherited)",
					"@executable_path/Frameworks",
				);
				PRODUCT_BUNDLE_IDENTIFIER = www.DaHuo.com;
				PRODUCT_NAME = "$(TARGET_NAME)";
				SWIFT_VERSION = 4.2;
				TARGETED_DEVICE_FAMILY = "1,2";
			};
			name = Debug;
		};
		11C5AC7221770BF1001E006C /* Release */ = {
			isa = XCBuildConfiguration;
			baseConfigurationReference = 35E4D5BFFD8B09C1B0A35508 /* Pods-PlaygroundForSwift.release.xcconfig */;
			buildSettings = {
				ASSETCATALOG_COMPILER_APPICON_NAME = AppIcon;
				CODE_SIGN_STYLE = Automatic;
				DEVELOPMENT_TEAM = 4G7X8643PT;
				INFOPLIST_FILE = PlaygroundForSwift/Info.plist;
				IPHONEOS_DEPLOYMENT_TARGET = 9.0;
				LD_RUNPATH_SEARCH_PATHS = (
					"$(inherited)",
					"@executable_path/Frameworks",
				);
				PRODUCT_BUNDLE_IDENTIFIER = www.DaHuo.com;
				PRODUCT_NAME = "$(TARGET_NAME)";
				SWIFT_VERSION = 4.2;
				TARGETED_DEVICE_FAMILY = "1,2";
			};
			name = Release;
		};
		11C5AC7421770BF1001E006C /* Debug */ = {
			isa = XCBuildConfiguration;
			baseConfigurationReference = E9A4FAE4E0B35E9312E00ED1 /* Pods-PlaygroundForSwiftTests.debug.xcconfig */;
			buildSettings = {
				ALWAYS_EMBED_SWIFT_STANDARD_LIBRARIES = YES;
				BUNDLE_LOADER = "$(TEST_HOST)";
				CODE_SIGN_STYLE = Automatic;
				DEVELOPMENT_TEAM = SZT3QS42T8;
				INFOPLIST_FILE = PlaygroundForSwiftTests/Info.plist;
				LD_RUNPATH_SEARCH_PATHS = (
					"$(inherited)",
					"@executable_path/Frameworks",
					"@loader_path/Frameworks",
				);
				PRODUCT_BUNDLE_IDENTIFIER = com.hcy.www.PlaygroundForSwiftTests;
				PRODUCT_NAME = "$(TARGET_NAME)";
				SWIFT_VERSION = 4.2;
				TARGETED_DEVICE_FAMILY = "1,2";
				TEST_HOST = "$(BUILT_PRODUCTS_DIR)/PlaygroundForSwift.app/PlaygroundForSwift";
			};
			name = Debug;
		};
		11C5AC7521770BF1001E006C /* Release */ = {
			isa = XCBuildConfiguration;
			baseConfigurationReference = CE3562F15B2EBD5D0A4A3FDA /* Pods-PlaygroundForSwiftTests.release.xcconfig */;
			buildSettings = {
				ALWAYS_EMBED_SWIFT_STANDARD_LIBRARIES = YES;
				BUNDLE_LOADER = "$(TEST_HOST)";
				CODE_SIGN_STYLE = Automatic;
				DEVELOPMENT_TEAM = SZT3QS42T8;
				INFOPLIST_FILE = PlaygroundForSwiftTests/Info.plist;
				LD_RUNPATH_SEARCH_PATHS = (
					"$(inherited)",
					"@executable_path/Frameworks",
					"@loader_path/Frameworks",
				);
				PRODUCT_BUNDLE_IDENTIFIER = com.hcy.www.PlaygroundForSwiftTests;
				PRODUCT_NAME = "$(TARGET_NAME)";
				SWIFT_VERSION = 4.2;
				TARGETED_DEVICE_FAMILY = "1,2";
				TEST_HOST = "$(BUILT_PRODUCTS_DIR)/PlaygroundForSwift.app/PlaygroundForSwift";
			};
			name = Release;
		};
		11C5AC7721770BF1001E006C /* Debug */ = {
			isa = XCBuildConfiguration;
			baseConfigurationReference = 08F1C3A032BCA6DA2644B784 /* Pods-PlaygroundForSwiftUITests.debug.xcconfig */;
			buildSettings = {
				ALWAYS_EMBED_SWIFT_STANDARD_LIBRARIES = YES;
				CODE_SIGN_STYLE = Automatic;
				DEVELOPMENT_TEAM = SZT3QS42T8;
				INFOPLIST_FILE = PlaygroundForSwiftUITests/Info.plist;
				LD_RUNPATH_SEARCH_PATHS = (
					"$(inherited)",
					"@executable_path/Frameworks",
					"@loader_path/Frameworks",
				);
				PRODUCT_BUNDLE_IDENTIFIER = com.hcy.www.PlaygroundForSwiftUITests;
				PRODUCT_NAME = "$(TARGET_NAME)";
				SWIFT_VERSION = 4.2;
				TARGETED_DEVICE_FAMILY = "1,2";
				TEST_TARGET_NAME = PlaygroundForSwift;
			};
			name = Debug;
		};
		11C5AC7821770BF1001E006C /* Release */ = {
			isa = XCBuildConfiguration;
			baseConfigurationReference = 4F38B48FB2DB8F66D34D20F8 /* Pods-PlaygroundForSwiftUITests.release.xcconfig */;
			buildSettings = {
				ALWAYS_EMBED_SWIFT_STANDARD_LIBRARIES = YES;
				CODE_SIGN_STYLE = Automatic;
				DEVELOPMENT_TEAM = SZT3QS42T8;
				INFOPLIST_FILE = PlaygroundForSwiftUITests/Info.plist;
				LD_RUNPATH_SEARCH_PATHS = (
					"$(inherited)",
					"@executable_path/Frameworks",
					"@loader_path/Frameworks",
				);
				PRODUCT_BUNDLE_IDENTIFIER = com.hcy.www.PlaygroundForSwiftUITests;
				PRODUCT_NAME = "$(TARGET_NAME)";
				SWIFT_VERSION = 4.2;
				TARGETED_DEVICE_FAMILY = "1,2";
				TEST_TARGET_NAME = PlaygroundForSwift;
			};
			name = Release;
		};
/* End XCBuildConfiguration section */

/* Begin XCConfigurationList section */
		11C5AC4321770BF0001E006C /* Build configuration list for PBXProject "PlaygroundForSwift" */ = {
			isa = XCConfigurationList;
			buildConfigurations = (
				11C5AC6E21770BF1001E006C /* Debug */,
				11C5AC6F21770BF1001E006C /* Release */,
			);
			defaultConfigurationIsVisible = 0;
			defaultConfigurationName = Release;
		};
		11C5AC7021770BF1001E006C /* Build configuration list for PBXNativeTarget "PlaygroundForSwift" */ = {
			isa = XCConfigurationList;
			buildConfigurations = (
				11C5AC7121770BF1001E006C /* Debug */,
				11C5AC7221770BF1001E006C /* Release */,
			);
			defaultConfigurationIsVisible = 0;
			defaultConfigurationName = Release;
		};
		11C5AC7321770BF1001E006C /* Build configuration list for PBXNativeTarget "PlaygroundForSwiftTests" */ = {
			isa = XCConfigurationList;
			buildConfigurations = (
				11C5AC7421770BF1001E006C /* Debug */,
				11C5AC7521770BF1001E006C /* Release */,
			);
			defaultConfigurationIsVisible = 0;
			defaultConfigurationName = Release;
		};
		11C5AC7621770BF1001E006C /* Build configuration list for PBXNativeTarget "PlaygroundForSwiftUITests" */ = {
			isa = XCConfigurationList;
			buildConfigurations = (
				11C5AC7721770BF1001E006C /* Debug */,
				11C5AC7821770BF1001E006C /* Release */,
			);
			defaultConfigurationIsVisible = 0;
			defaultConfigurationName = Release;
		};
/* End XCConfigurationList section */
	};
	rootObject = 11C5AC4021770BF0001E006C /* Project object */;
}
